
Microsoft Visual Studio Solution File, Format Version 12.00
# Visual Studio Version 17
VisualStudioVersion = 17.8.34511.84
MinimumVisualStudioVersion = 10.0.40219.1
Project("{2150E333-8FDC-42A3-9474-1A3956D46DE8}") = "SolutionItems", "SolutionItems", "{AF1CDBE7-ADF7-4A67-A076-AF6D1C32A394}"
	ProjectSection(SolutionItems) = preProject
		.readthedocs.yaml = .readthedocs.yaml
		.github\workflows\build.yml = .github\workflows\build.yml
		docs\conf.py = docs\conf.py
		.github\workflows\publish.yml = .github\workflows\publish.yml
		README.md = README.md
		docs\requirements.txt = docs\requirements.txt
	EndProjectSection
EndProject
Project("{9A19103F-16F7-4668-BE54-9A1E7A4F7556}") = "DataIsland.Core", "src\DataIsland.Core\DataIsland.Core.csproj", "{3D8E2E1D-497A-4255-98A4-EF490A96CEEF}"
EndProject
Project("{9A19103F-16F7-4668-BE54-9A1E7A4F7556}") = "DataIsland.SqlServer", "src\DataIsland.SqlServer\DataIsland.SqlServer.csproj", "{11695308-9565-4985-825E-67FA99D5E09E}"
EndProject
Project("{9A19103F-16F7-4668-BE54-9A1E7A4F7556}") = "DataIsland.EfCore", "src\DataIsland.EfCore\DataIsland.EfCore.csproj", "{33CE1918-642A-4878-BA24-0E70DD8FED85}"
EndProject
Project("{9A19103F-16F7-4668-BE54-9A1E7A4F7556}") = "DataIsland.xUnit.v3", "src\DataIsland.xUnit.v3\DataIsland.xUnit.v3.csproj", "{B3231E27-DC41-4BE1-96BE-D78A93A75414}"
EndProject
Project("{9A19103F-16F7-4668-BE54-9A1E7A4F7556}") = "DataIsland.Core.Tests", "tests\DataIsland.Core.Tests\DataIsland.Core.Tests.csproj", "{0FB5D8D8-A102-4D8B-A376-D54B3B5875D8}"
EndProject
Project("{9A19103F-16F7-4668-BE54-9A1E7A4F7556}") = "WebApi", "sample\WebApi\WebApi.csproj", "{0C9EAF9A-61DC-48B7-971E-349BD6C857E3}"
EndProject
Project("{9A19103F-16F7-4668-BE54-9A1E7A4F7556}") = "WebApi.Tests", "sample\WebApi.Tests\WebApi.Tests.csproj", "{FE617736-7472-4890-8C5F-19459A2C3EDB}"
EndProject
Project("{9A19103F-16F7-4668-BE54-9A1E7A4F7556}") = "InProc", "sample\InProc\InProc.csproj", "{51DEC92C-45AE-4652-9760-772F97B7CC6B}"
EndProject
Global
	GlobalSection(SolutionConfigurationPlatforms) = preSolution
		Debug|Any CPU = Debug|Any CPU
		Release|Any CPU = Release|Any CPU
	EndGlobalSection
	GlobalSection(ProjectConfigurationPlatforms) = postSolution
		{3D8E2E1D-497A-4255-98A4-EF490A96CEEF}.Debug|Any CPU.ActiveCfg = Debug|Any CPU
		{3D8E2E1D-497A-4255-98A4-EF490A96CEEF}.Debug|Any CPU.Build.0 = Debug|Any CPU
		{3D8E2E1D-497A-4255-98A4-EF490A96CEEF}.Release|Any CPU.ActiveCfg = Release|Any CPU
		{3D8E2E1D-497A-4255-98A4-EF490A96CEEF}.Release|Any CPU.Build.0 = Release|Any CPU
		{11695308-9565-4985-825E-67FA99D5E09E}.Debug|Any CPU.ActiveCfg = Debug|Any CPU
		{11695308-9565-4985-825E-67FA99D5E09E}.Debug|Any CPU.Build.0 = Debug|Any CPU
		{11695308-9565-4985-825E-67FA99D5E09E}.Release|Any CPU.ActiveCfg = Release|Any CPU
		{11695308-9565-4985-825E-67FA99D5E09E}.Release|Any CPU.Build.0 = Release|Any CPU
		{33CE1918-642A-4878-BA24-0E70DD8FED85}.Debug|Any CPU.ActiveCfg = Debug|Any CPU
		{33CE1918-642A-4878-BA24-0E70DD8FED85}.Debug|Any CPU.Build.0 = Debug|Any CPU
		{33CE1918-642A-4878-BA24-0E70DD8FED85}.Release|Any CPU.ActiveCfg = Release|Any CPU
		{33CE1918-642A-4878-BA24-0E70DD8FED85}.Release|Any CPU.Build.0 = Release|Any CPU
		{B3231E27-DC41-4BE1-96BE-D78A93A75414}.Debug|Any CPU.ActiveCfg = Debug|Any CPU
		{B3231E27-DC41-4BE1-96BE-D78A93A75414}.Debug|Any CPU.Build.0 = Debug|Any CPU
		{B3231E27-DC41-4BE1-96BE-D78A93A75414}.Release|Any CPU.ActiveCfg = Release|Any CPU
		{B3231E27-DC41-4BE1-96BE-D78A93A75414}.Release|Any CPU.Build.0 = Release|Any CPU
		{0FB5D8D8-A102-4D8B-A376-D54B3B5875D8}.Debug|Any CPU.ActiveCfg = Debug|Any CPU
		{0FB5D8D8-A102-4D8B-A376-D54B3B5875D8}.Debug|Any CPU.Build.0 = Debug|Any CPU
		{0FB5D8D8-A102-4D8B-A376-D54B3B5875D8}.Release|Any CPU.ActiveCfg = Release|Any CPU
		{0FB5D8D8-A102-4D8B-A376-D54B3B5875D8}.Release|Any CPU.Build.0 = Release|Any CPU
		{0C9EAF9A-61DC-48B7-971E-349BD6C857E3}.Debug|Any CPU.ActiveCfg = Debug|Any CPU
		{0C9EAF9A-61DC-48B7-971E-349BD6C857E3}.Debug|Any CPU.Build.0 = Debug|Any CPU
		{0C9EAF9A-61DC-48B7-971E-349BD6C857E3}.Release|Any CPU.ActiveCfg = Release|Any CPU
		{0C9EAF9A-61DC-48B7-971E-349BD6C857E3}.Release|Any CPU.Build.0 = Release|Any CPU
		{FE617736-7472-4890-8C5F-19459A2C3EDB}.Debug|Any CPU.ActiveCfg = Debug|Any CPU
		{FE617736-7472-4890-8C5F-19459A2C3EDB}.Debug|Any CPU.Build.0 = Debug|Any CPU
		{FE617736-7472-4890-8C5F-19459A2C3EDB}.Release|Any CPU.ActiveCfg = Release|Any CPU
		{FE617736-7472-4890-8C5F-19459A2C3EDB}.Release|Any CPU.Build.0 = Release|Any CPU
		{51DEC92C-45AE-4652-9760-772F97B7CC6B}.Debug|Any CPU.ActiveCfg = Debug|Any CPU
		{51DEC92C-45AE-4652-9760-772F97B7CC6B}.Debug|Any CPU.Build.0 = Debug|Any CPU
		{51DEC92C-45AE-4652-9760-772F97B7CC6B}.Release|Any CPU.ActiveCfg = Release|Any CPU
		{51DEC92C-45AE-4652-9760-772F97B7CC6B}.Release|Any CPU.Build.0 = Release|Any CPU
	EndGlobalSection
	GlobalSection(SolutionProperties) = preSolution
		HideSolutionNode = FALSE
	EndGlobalSection
	GlobalSection(ExtensibilityGlobals) = postSolution
		SolutionGuid = {721AE160-D735-42CC-B92A-A3F8A23301A4}
	EndGlobalSection
EndGlobal
