
Microsoft Visual Studio Solution File, Format Version 12.00
# Visual Studio Version 17
VisualStudioVersion = 17.8.34511.84
MinimumVisualStudioVersion = 10.0.40219.1
Project("{2150E333-8FDC-42A3-9474-1A3956D46DE8}") = "SolutionItems", "SolutionItems", "{AF1CDBE7-ADF7-4A67-A076-AF6D1C32A394}"
	ProjectSection(SolutionItems) = preProject
		.github\workflows\build.yml = .github\workflows\build.yml
		README.md = README.md
	EndProjectSection
EndProject
Project("{9A19103F-16F7-4668-BE54-9A1E7A4F7556}") = "Sanctuary.Core", "src\Sanctuary.Core\Sanctuary.Core.csproj", "{A200D947-A719-4972-977A-AED40292A211}"
EndProject
Project("{9A19103F-16F7-4668-BE54-9A1E7A4F7556}") = "Sanctuary.SqlServer", "src\Sanctuary.SqlServer\Sanctuary.SqlServer.csproj", "{8D470ACA-9C2D-4B79-B33A-D50C0666EF05}"
EndProject
Project("{9A19103F-16F7-4668-BE54-9A1E7A4F7556}") = "Sanctuary.EfCore", "src\Sanctuary.EfCore\Sanctuary.EfCore.csproj", "{77AB11F2-7DF8-4855-B7DC-9035B8D84A91}"
EndProject
Project("{9A19103F-16F7-4668-BE54-9A1E7A4F7556}") = "Sanctuary.xUnit.v3", "src\Sanctuary.xUnit.v3\Sanctuary.xUnit.v3.csproj", "{8ADA9947-E6B0-4F29-B5EF-ACC5611E9FF5}"
EndProject
Project("{9A19103F-16F7-4668-BE54-9A1E7A4F7556}") = "Sanctuary.Demo", "src\Sanctuary.Demo\Sanctuary.Demo.csproj", "{E5CE5135-E4D9-4E5B-B8F2-4238B78CD51A}"
EndProject
Project("{9A19103F-16F7-4668-BE54-9A1E7A4F7556}") = "Sanctuary.Core.Tests", "tests\Sanctuary.Core.Tests\Sanctuary.Core.Tests.csproj", "{831AFA2C-C7EE-44F8-BB4D-02F1F43274E9}"
EndProject
Global
	GlobalSection(SolutionConfigurationPlatforms) = preSolution
		Debug|Any CPU = Debug|Any CPU
		Release|Any CPU = Release|Any CPU
	EndGlobalSection
	GlobalSection(ProjectConfigurationPlatforms) = postSolution
		{A200D947-A719-4972-977A-AED40292A211}.Debug|Any CPU.ActiveCfg = Debug|Any CPU
		{A200D947-A719-4972-977A-AED40292A211}.Debug|Any CPU.Build.0 = Debug|Any CPU
		{A200D947-A719-4972-977A-AED40292A211}.Release|Any CPU.ActiveCfg = Release|Any CPU
		{A200D947-A719-4972-977A-AED40292A211}.Release|Any CPU.Build.0 = Release|Any CPU
		{8D470ACA-9C2D-4B79-B33A-D50C0666EF05}.Debug|Any CPU.ActiveCfg = Debug|Any CPU
		{8D470ACA-9C2D-4B79-B33A-D50C0666EF05}.Debug|Any CPU.Build.0 = Debug|Any CPU
		{8D470ACA-9C2D-4B79-B33A-D50C0666EF05}.Release|Any CPU.ActiveCfg = Release|Any CPU
		{8D470ACA-9C2D-4B79-B33A-D50C0666EF05}.Release|Any CPU.Build.0 = Release|Any CPU
		{77AB11F2-7DF8-4855-B7DC-9035B8D84A91}.Debug|Any CPU.ActiveCfg = Debug|Any CPU
		{77AB11F2-7DF8-4855-B7DC-9035B8D84A91}.Debug|Any CPU.Build.0 = Debug|Any CPU
		{77AB11F2-7DF8-4855-B7DC-9035B8D84A91}.Release|Any CPU.ActiveCfg = Release|Any CPU
		{77AB11F2-7DF8-4855-B7DC-9035B8D84A91}.Release|Any CPU.Build.0 = Release|Any CPU
		{8ADA9947-E6B0-4F29-B5EF-ACC5611E9FF5}.Debug|Any CPU.ActiveCfg = Debug|Any CPU
		{8ADA9947-E6B0-4F29-B5EF-ACC5611E9FF5}.Debug|Any CPU.Build.0 = Debug|Any CPU
		{8ADA9947-E6B0-4F29-B5EF-ACC5611E9FF5}.Release|Any CPU.ActiveCfg = Release|Any CPU
		{8ADA9947-E6B0-4F29-B5EF-ACC5611E9FF5}.Release|Any CPU.Build.0 = Release|Any CPU
		{E5CE5135-E4D9-4E5B-B8F2-4238B78CD51A}.Debug|Any CPU.ActiveCfg = Debug|Any CPU
		{E5CE5135-E4D9-4E5B-B8F2-4238B78CD51A}.Debug|Any CPU.Build.0 = Debug|Any CPU
		{E5CE5135-E4D9-4E5B-B8F2-4238B78CD51A}.Release|Any CPU.ActiveCfg = Release|Any CPU
		{E5CE5135-E4D9-4E5B-B8F2-4238B78CD51A}.Release|Any CPU.Build.0 = Release|Any CPU
		{831AFA2C-C7EE-44F8-BB4D-02F1F43274E9}.Debug|Any CPU.ActiveCfg = Debug|Any CPU
		{831AFA2C-C7EE-44F8-BB4D-02F1F43274E9}.Debug|Any CPU.Build.0 = Debug|Any CPU
		{831AFA2C-C7EE-44F8-BB4D-02F1F43274E9}.Release|Any CPU.ActiveCfg = Release|Any CPU
		{831AFA2C-C7EE-44F8-BB4D-02F1F43274E9}.Release|Any CPU.Build.0 = Release|Any CPU
	EndGlobalSection
	GlobalSection(SolutionProperties) = preSolution
		HideSolutionNode = FALSE
	EndGlobalSection
	GlobalSection(ExtensibilityGlobals) = postSolution
		SolutionGuid = {721AE160-D735-42CC-B92A-A3F8A23301A4}
	EndGlobalSection
EndGlobal
